
Microsoft Visual Studio Solution File, Format Version 12.00
# Visual Studio Version 17
VisualStudioVersion = 17.13.35919.96 d17.13
MinimumVisualStudioVersion = 10.0.40219.1
Project("{FAE04EC0-301F-11D3-BF4B-00C04F79EFBC}") = "Credaris", "Credaris.csproj", "{90446627-58D6-4189-94E5-F43BD8F61E13}"
EndProject
Global
	GlobalSection(SolutionConfigurationPlatforms) = preSolution
		Debug|Any CPU = Debug|Any CPU
		Release|Any CPU = Release|Any CPU
	EndGlobalSection
	GlobalSection(ProjectConfigurationPlatforms) = postSolution
		{90446627-58D6-4189-94E5-F43BD8F61E13}.Debug|Any CPU.ActiveCfg = Debug|Any CPU
		{90446627-58D6-4189-94E5-F43BD8F61E13}.Debug|Any CPU.Build.0 = Debug|Any CPU
		{90446627-58D6-4189-94E5-F43BD8F61E13}.Release|Any CPU.ActiveCfg = Release|Any CPU
		{90446627-58D6-4189-94E5-F43BD8F61E13}.Release|Any CPU.Build.0 = Release|Any CPU
	EndGlobalSection
	GlobalSection(SolutionProperties) = preSolution
		HideSolutionNode = FALSE
	EndGlobalSection
	GlobalSection(ExtensibilityGlobals) = postSolution
		SolutionGuid = {42682EC8-FF56-4DAE-BE83-9840164A650D}
	EndGlobalSection
EndGlobal
